{
  "version": 4,
  "terraform_version": "1.14.7",
  "serial": 15,
  "lineage": "1acb758b-7c65-bac2-45d3-f957b0ef7a2f",
  "outputs": {},
  "resources": [
    {
      "mode": "managed",
      "type": "google_artifact_registry_repository",
      "name": "mathverse_repo",
      "provider": "provider[\"registry.terraform.io/hashicorp/google\"]",
      "instances": [
        {
          "schema_version": 0,
          "attributes": {
            "create_time": "2026-03-12T17:46:29.770871Z",
            "description": "Docker repository for MathVerse",
            "docker_config": [],
            "format": "DOCKER",
            "id": "projects/mathverse-live-ai/locations/us-central1/repositories/mathverse-repo",
            "kms_key_name": "",
            "labels": {},
            "location": "us-central1",
            "maven_config": [],
            "mode": "STANDARD_REPOSITORY",
            "name": "mathverse-repo",
            "project": "mathverse-live-ai",
            "remote_repository_config": [],
            "repository_id": "mathverse-repo",
            "timeouts": null,
            "update_time": "2026-03-12T17:46:29.770871Z",
            "virtual_repository_config": []
          },
          "sensitive_attributes": [],
          "identity_schema_version": 0,
          "private": "eyJlMmJmYjczMC1lY2FhLTExZTYtOGY4OC0zNDM2M2JjN2M0YzAiOnsiY3JlYXRlIjoxMjAwMDAwMDAwMDAwLCJkZWxldGUiOjEyMDAwMDAwMDAwMDAsInVwZGF0ZSI6MTIwMDAwMDAwMDAwMH19"
        }
      ]
    },
    {
      "mode": "managed",
      "type": "google_secret_manager_secret",
      "name": "firebase_credentials",
      "provider": "provider[\"registry.terraform.io/hashicorp/google\"]",
      "instances": [
        {
          "schema_version": 0,
          "attributes": {
            "annotations": null,
            "create_time": "2026-03-12T17:49:52.209184Z",
            "expire_time": "",
            "id": "projects/mathverse-live-ai/secrets/firebase-credentials",
            "labels": null,
            "name": "projects/666196672293/secrets/firebase-credentials",
            "project": "mathverse-live-ai",
            "replication": [
              {
                "auto": [],
                "automatic": true,
                "user_managed": []
              }
            ],
            "rotation": [],
            "secret_id": "firebase-credentials",
            "timeouts": null,
            "topics": [],
            "ttl": null,
            "version_aliases": null
          },
          "sensitive_attributes": [],
          "identity_schema_version": 0,
          "private": "eyJlMmJmYjczMC1lY2FhLTExZTYtOGY4OC0zNDM2M2JjN2M0YzAiOnsiY3JlYXRlIjoxMjAwMDAwMDAwMDAwLCJkZWxldGUiOjEyMDAwMDAwMDAwMDAsInVwZGF0ZSI6MTIwMDAwMDAwMDAwMH19"
        }
      ]
    },
    {
      "mode": "managed",
      "type": "google_secret_manager_secret",
      "name": "gemini_api",
      "provider": "provider[\"registry.terraform.io/hashicorp/google\"]",
      "instances": [
        {
          "schema_version": 0,
          "attributes": {
            "annotations": null,
            "create_time": "2026-03-12T17:49:52.214628Z",
            "expire_time": "",
            "id": "projects/mathverse-live-ai/secrets/gemini-api-key",
            "labels": null,
            "name": "projects/666196672293/secrets/gemini-api-key",
            "project": "mathverse-live-ai",
            "replication": [
              {
                "auto": [],
                "automatic": true,
                "user_managed": []
              }
            ],
            "rotation": [],
            "secret_id": "gemini-api-key",
            "timeouts": null,
            "topics": [],
            "ttl": null,
            "version_aliases": null
          },
          "sensitive_attributes": [],
          "identity_schema_version": 0,
          "private": "eyJlMmJmYjczMC1lY2FhLTExZTYtOGY4OC0zNDM2M2JjN2M0YzAiOnsiY3JlYXRlIjoxMjAwMDAwMDAwMDAwLCJkZWxldGUiOjEyMDAwMDAwMDAwMDAsInVwZGF0ZSI6MTIwMDAwMDAwMDAwMH19"
        }
      ]
    },
    {
      "mode": "managed",
      "type": "google_secret_manager_secret_version",
      "name": "gemini_api_version",
      "provider": "provider[\"registry.terraform.io/hashicorp/google\"]",
      "instances": [
        {
          "schema_version": 0,
          "attributes": {
            "create_time": "2026-03-12T17:50:02.217596Z",
            "deletion_policy": "DELETE",
            "destroy_time": "",
            "enabled": true,
            "id": "projects/666196672293/secrets/gemini-api-key/versions/1",
            "is_secret_data_base64": false,
            "name": "projects/666196672293/secrets/gemini-api-key/versions/1",
            "secret": "projects/mathverse-live-ai/secrets/gemini-api-key",
            "secret_data": "AQ.Ab8RN6KLbwdAojE6A8gtfEiCZJ4zIKpqtH9W3wTe4qoBCbyKaw",
            "timeouts": null,
            "version": "1"
          },
          "sensitive_attributes": [
            [
              {
                "type": "get_attr",
                "value": "secret_data"
              }
            ]
          ],
          "identity_schema_version": 0,
          "private": "eyJlMmJmYjczMC1lY2FhLTExZTYtOGY4OC0zNDM2M2JjN2M0YzAiOnsiY3JlYXRlIjoxMjAwMDAwMDAwMDAwLCJkZWxldGUiOjEyMDAwMDAwMDAwMDB9fQ==",
          "dependencies": [
            "google_secret_manager_secret.gemini_api"
          ]
        }
      ]
    }
  ],
  "check_results": null
}
